{
  "name": "frontend",
  "lockfileVersion": 3,
  "requires": true,
  "packages": {
    "": {
      "dependencies": {
        "@untitledui/icons": "^0.0.21"
      }
    },
    "node_modules/@untitledui/icons": {
      "version": "0.0.21",
      "resolved": "https://registry.npmjs.org/@untitledui/icons/-/icons-0.0.21.tgz",
      "integrity": "sha512-+aVWUw/1se9PIJgwMD3qp5ohynGlVNu2oHSLzMwYpiSFp6bFcxv4kUGy685hQXB/hE4WAqnp7dIEVVMD0tfL7w==",
      "license": "MIT",
      "peerDependencies": {
        "react": ">= 16"
      }
    },
    "node_modules/react": {
      "version": "19.2.4",
      "resolved": "https://registry.npmjs.org/react/-/react-19.2.4.tgz",
      "integrity": "sha512-9nfp2hYpCwOjAN+8TZFGhtWEwgvWHXqESH8qT89AT/lWklpLON22Lc8pEtnpsZz7VmawabSU0gCjnj8aC0euHQ==",
      "license": "MIT",
      "peer": true,
      "engines": {
        "node": ">=0.10.0"
      }
    }
  }
}
